// !$*UTF8*$!
{
	archiveVersion = 1;
	classes = {
	};
	objectVersion = 50;
	objects = {

/* Begin PBXBuildFile section */
		6625CD0121128EE9005B691D /* AppDelegate.m in Sources */ = {isa = PBXBuildFile; fileRef = 6625CD0021128EE9005B691D /* AppDelegate.m */; };
		6625CD0421128EE9005B691D /* ViewController.m in Sources */ = {isa = PBXBuildFile; fileRef = 6625CD0321128EE9005B691D /* ViewController.m */; };
		6625CD0721128EE9005B691D /* Main.storyboard in Resources */ = {isa = PBXBuildFile; fileRef = 6625CD0521128EE9005B691D /* Main.storyboard */; };
		6625CD0921128EEA005B691D /* Assets.xcassets in Resources */ = {isa = PBXBuildFile; fileRef = 6625CD0821128EEA005B691D /* Assets.xcassets */; };
		6625CD0C21128EEA005B691D /* LaunchScreen.storyboard in Resources */ = {isa = PBXBuildFile; fileRef = 6625CD0A21128EEA005B691D /* LaunchScreen.storyboard */; };
		6625CD0F21128EEA005B691D /* main.m in Sources */ = {isa = PBXBuildFile; fileRef = 6625CD0E21128EEA005B691D /* main.m */; };
		6625CD1921128EEA005B691D /* XLsn0wPullMenuTests.m in Sources */ = {isa = PBXBuildFile; fileRef = 6625CD1821128EEA005B691D /* XLsn0wPullMenuTests.m */; };
		6625CD2421128EEA005B691D /* XLsn0wPullMenuUITests.m in Sources */ = {isa = PBXBuildFile; fileRef = 6625CD2321128EEA005B691D /* XLsn0wPullMenuUITests.m */; };
		6625CD3821128F19005B691D /* XLsn0wPullMenu.m in Sources */ = {isa = PBXBuildFile; fileRef = 6625CD3321128F18005B691D /* XLsn0wPullMenu.m */; };
		6625CD3921128F19005B691D /* XLsn0wPullMenuCell.m in Sources */ = {isa = PBXBuildFile; fileRef = 6625CD3521128F18005B691D /* XLsn0wPullMenuCell.m */; };
		6625CD3A21128F19005B691D /* XLsn0wPullMenuModel.m in Sources */ = {isa = PBXBuildFile; fileRef = 6625CD3721128F18005B691D /* XLsn0wPullMenuModel.m */; };
		6625CD3E21128F61005B691D /* mainBtn.png in Resources */ = {isa = PBXBuildFile; fileRef = 6625CD3C21128F61005B691D /* mainBtn.png */; };
		6625CD412112926C005B691D /* UIView+XLsn0w.m in Sources */ = {isa = PBXBuildFile; fileRef = 6625CD402112926C005B691D /* UIView+XLsn0w.m */; };
		6625CD4421129286005B691D /* NSObject+XLsn0wModel.m in Sources */ = {isa = PBXBuildFile; fileRef = 6625CD4321129286005B691D /* NSObject+XLsn0wModel.m */; };
		6625CD5F21129409005B691D /* MASCompositeConstraint.m in Sources */ = {isa = PBXBuildFile; fileRef = 6625CD4721129409005B691D /* MASCompositeConstraint.m */; };
		6625CD6021129409005B691D /* MASConstraint.m in Sources */ = {isa = PBXBuildFile; fileRef = 6625CD4A21129409005B691D /* MASConstraint.m */; };
		6625CD6121129409005B691D /* MASConstraintMaker.m in Sources */ = {isa = PBXBuildFile; fileRef = 6625CD4C21129409005B691D /* MASConstraintMaker.m */; };
		6625CD6221129409005B691D /* MASLayoutConstraint.m in Sources */ = {isa = PBXBuildFile; fileRef = 6625CD4E21129409005B691D /* MASLayoutConstraint.m */; };
		6625CD6321129409005B691D /* MASViewAttribute.m in Sources */ = {isa = PBXBuildFile; fileRef = 6625CD5221129409005B691D /* MASViewAttribute.m */; };
		6625CD6421129409005B691D /* MASViewConstraint.m in Sources */ = {isa = PBXBuildFile; fileRef = 6625CD5421129409005B691D /* MASViewConstraint.m */; };
		6625CD6521129409005B691D /* NSArray+MASAdditions.m in Sources */ = {isa = PBXBuildFile; fileRef = 6625CD5621129409005B691D /* NSArray+MASAdditions.m */; };
		6625CD6621129409005B691D /* NSLayoutConstraint+MASDebugAdditions.m in Sources */ = {isa = PBXBuildFile; fileRef = 6625CD5921129409005B691D /* NSLayoutConstraint+MASDebugAdditions.m */; };
		6625CD6721129409005B691D /* View+MASAdditions.m in Sources */ = {isa = PBXBuildFile; fileRef = 6625CD5B21129409005B691D /* View+MASAdditions.m */; };
		6625CD6821129409005B691D /* ViewController+MASAdditions.m in Sources */ = {isa = PBXBuildFile; fileRef = 6625CD5E21129409005B691D /* ViewController+MASAdditions.m */; };
/* End PBXBuildFile section */

/* Begin PBXContainerItemProxy section */
		6625CD1521128EEA005B691D /* PBXContainerItemProxy */ = {
			isa = PBXContainerItemProxy;
			containerPortal = 6625CCF421128EE9005B691D /* Project object */;
			proxyType = 1;
			remoteGlobalIDString = 6625CCFB21128EE9005B691D;
			remoteInfo = XLsn0wPullMenu;
		};
		6625CD2021128EEA005B691D /* PBXContainerItemProxy */ = {
			isa = PBXContainerItemProxy;
			containerPortal = 6625CCF421128EE9005B691D /* Project object */;
			proxyType = 1;
			remoteGlobalIDString = 6625CCFB21128EE9005B691D;
			remoteInfo = XLsn0wPullMenu;
		};
/* End PBXContainerItemProxy section */

/* Begin PBXFileReference section */
		6625CCFC21128EE9005B691D /* XLsn0wPullMenu.app */ = {isa = PBXFileReference; explicitFileType = wrapper.application; includeInIndex = 0; path = XLsn0wPullMenu.app; sourceTree = BUILT_PRODUCTS_DIR; };
		6625CCFF21128EE9005B691D /* AppDelegate.h */ = {isa = PBXFileReference; lastKnownFileType = sourcecode.c.h; path = AppDelegate.h; sourceTree = "<group>"; };
		6625CD0021128EE9005B691D /* AppDelegate.m */ = {isa = PBXFileReference; lastKnownFileType = sourcecode.c.objc; path = AppDelegate.m; sourceTree = "<group>"; };
		6625CD0221128EE9005B691D /* ViewController.h */ = {isa = PBXFileReference; lastKnownFileType = sourcecode.c.h; path = ViewController.h; sourceTree = "<group>"; };
		6625CD0321128EE9005B691D /* ViewController.m */ = {isa = PBXFileReference; lastKnownFileType = sourcecode.c.objc; path = ViewController.m; sourceTree = "<group>"; };
		6625CD0621128EE9005B691D /* Base */ = {isa = PBXFileReference; lastKnownFileType = file.storyboard; name = Base; path = Base.lproj/Main.storyboard; sourceTree = "<group>"; };
		6625CD0821128EEA005B691D /* Assets.xcassets */ = {isa = PBXFileReference; lastKnownFileType = folder.assetcatalog; path = Assets.xcassets; sourceTree = "<group>"; };
		6625CD0B21128EEA005B691D /* Base */ = {isa = PBXFileReference; lastKnownFileType = file.storyboard; name = Base; path = Base.lproj/LaunchScreen.storyboard; sourceTree = "<group>"; };
		6625CD0D21128EEA005B691D /* Info.plist */ = {isa = PBXFileReference; lastKnownFileType = text.plist.xml; path = Info.plist; sourceTree = "<group>"; };
		6625CD0E21128EEA005B691D /* main.m */ = {isa = PBXFileReference; lastKnownFileType = sourcecode.c.objc; path = main.m; sourceTree = "<group>"; };
		6625CD1421128EEA005B691D /* XLsn0wPullMenuTests.xctest */ = {isa = PBXFileReference; explicitFileType = wrapper.cfbundle; includeInIndex = 0; path = XLsn0wPullMenuTests.xctest; sourceTree = BUILT_PRODUCTS_DIR; };
		6625CD1821128EEA005B691D /* XLsn0wPullMenuTests.m */ = {isa = PBXFileReference; lastKnownFileType = sourcecode.c.objc; path = XLsn0wPullMenuTests.m; sourceTree = "<group>"; };
		6625CD1A21128EEA005B691D /* Info.plist */ = {isa = PBXFileReference; lastKnownFileType = text.plist.xml; path = Info.plist; sourceTree = "<group>"; };
		6625CD1F21128EEA005B691D /* XLsn0wPullMenuUITests.xctest */ = {isa = PBXFileReference; explicitFileType = wrapper.cfbundle; includeInIndex = 0; path = XLsn0wPullMenuUITests.xctest; sourceTree = BUILT_PRODUCTS_DIR; };
		6625CD2321128EEA005B691D /* XLsn0wPullMenuUITests.m */ = {isa = PBXFileReference; lastKnownFileType = sourcecode.c.objc; path = XLsn0wPullMenuUITests.m; sourceTree = "<group>"; };
		6625CD2521128EEA005B691D /* Info.plist */ = {isa = PBXFileReference; lastKnownFileType = text.plist.xml; path = Info.plist; sourceTree = "<group>"; };
		6625CD3221128F18005B691D /* XLsn0wPullMenu.h */ = {isa = PBXFileReference; fileEncoding = 4; lastKnownFileType = sourcecode.c.h; path = XLsn0wPullMenu.h; sourceTree = "<group>"; };
		6625CD3321128F18005B691D /* XLsn0wPullMenu.m */ = {isa = PBXFileReference; fileEncoding = 4; lastKnownFileType = sourcecode.c.objc; path = XLsn0wPullMenu.m; sourceTree = "<group>"; };
		6625CD3421128F18005B691D /* XLsn0wPullMenuCell.h */ = {isa = PBXFileReference; fileEncoding = 4; lastKnownFileType = sourcecode.c.h; path = XLsn0wPullMenuCell.h; sourceTree = "<group>"; };
		6625CD3521128F18005B691D /* XLsn0wPullMenuCell.m */ = {isa = PBXFileReference; fileEncoding = 4; lastKnownFileType = sourcecode.c.objc; path = XLsn0wPullMenuCell.m; sourceTree = "<group>"; };
		6625CD3621128F18005B691D /* XLsn0wPullMenuModel.h */ = {isa = PBXFileReference; fileEncoding = 4; lastKnownFileType = sourcecode.c.h; path = XLsn0wPullMenuModel.h; sourceTree = "<group>"; };
		6625CD3721128F18005B691D /* XLsn0wPullMenuModel.m */ = {isa = PBXFileReference; fileEncoding = 4; lastKnownFileType = sourcecode.c.objc; path = XLsn0wPullMenuModel.m; sourceTree = "<group>"; };
		6625CD3C21128F61005B691D /* mainBtn.png */ = {isa = PBXFileReference; lastKnownFileType = image.png; path = mainBtn.png; sourceTree = "<group>"; };
		6625CD3F2112926C005B691D /* UIView+XLsn0w.h */ = {isa = PBXFileReference; fileEncoding = 4; lastKnownFileType = sourcecode.c.h; path = "UIView+XLsn0w.h"; sourceTree = "<group>"; };
		6625CD402112926C005B691D /* UIView+XLsn0w.m */ = {isa = PBXFileReference; fileEncoding = 4; lastKnownFileType = sourcecode.c.objc; path = "UIView+XLsn0w.m"; sourceTree = "<group>"; };
		6625CD4221129286005B691D /* NSObject+XLsn0wModel.h */ = {isa = PBXFileReference; fileEncoding = 4; lastKnownFileType = sourcecode.c.h; path = "NSObject+XLsn0wModel.h"; sourceTree = "<group>"; };
		6625CD4321129286005B691D /* NSObject+XLsn0wModel.m */ = {isa = PBXFileReference; fileEncoding = 4; lastKnownFileType = sourcecode.c.objc; path = "NSObject+XLsn0wModel.m"; sourceTree = "<group>"; };
		6625CD4621129409005B691D /* MASCompositeConstraint.h */ = {isa = PBXFileReference; fileEncoding = 4; lastKnownFileType = sourcecode.c.h; path = MASCompositeConstraint.h; sourceTree = "<group>"; };
		6625CD4721129409005B691D /* MASCompositeConstraint.m */ = {isa = PBXFileReference; fileEncoding = 4; lastKnownFileType = sourcecode.c.objc; path = MASCompositeConstraint.m; sourceTree = "<group>"; };
		6625CD4821129409005B691D /* MASConstraint+Private.h */ = {isa = PBXFileReference; fileEncoding = 4; lastKnownFileType = sourcecode.c.h; path = "MASConstraint+Private.h"; sourceTree = "<group>"; };
		6625CD4921129409005B691D /* MASConstraint.h */ = {isa = PBXFileReference; fileEncoding = 4; lastKnownFileType = sourcecode.c.h; path = MASConstraint.h; sourceTree = "<group>"; };
		6625CD4A21129409005B691D /* MASConstraint.m */ = {isa = PBXFileReference; fileEncoding = 4; lastKnownFileType = sourcecode.c.objc; path = MASConstraint.m; sourceTree = "<group>"; };
		6625CD4B21129409005B691D /* MASConstraintMaker.h */ = {isa = PBXFileReference; fileEncoding = 4; lastKnownFileType = sourcecode.c.h; path = MASConstraintMaker.h; sourceTree = "<group>"; };
		6625CD4C21129409005B691D /* MASConstraintMaker.m */ = {isa = PBXFileReference; fileEncoding = 4; lastKnownFileType = sourcecode.c.objc; path = MASConstraintMaker.m; sourceTree = "<group>"; };
		6625CD4D21129409005B691D /* MASLayoutConstraint.h */ = {isa = PBXFileReference; fileEncoding = 4; lastKnownFileType = sourcecode.c.h; path = MASLayoutConstraint.h; sourceTree = "<group>"; };
		6625CD4E21129409005B691D /* MASLayoutConstraint.m */ = {isa = PBXFileReference; fileEncoding = 4; lastKnownFileType = sourcecode.c.objc; path = MASLayoutConstraint.m; sourceTree = "<group>"; };
		6625CD4F21129409005B691D /* Masonry.h */ = {isa = PBXFileReference; fileEncoding = 4; lastKnownFileType = sourcecode.c.h; path = Masonry.h; sourceTree = "<group>"; };
		6625CD5021129409005B691D /* MASUtilities.h */ = {isa = PBXFileReference; fileEncoding = 4; lastKnownFileType = sourcecode.c.h; path = MASUtilities.h; sourceTree = "<group>"; };
		6625CD5121129409005B691D /* MASViewAttribute.h */ = {isa = PBXFileReference; fileEncoding = 4; lastKnownFileType = sourcecode.c.h; path = MASViewAttribute.h; sourceTree = "<group>"; };
		6625CD5221129409005B691D /* MASViewAttribute.m */ = {isa = PBXFileReference; fileEncoding = 4; lastKnownFileType = sourcecode.c.objc; path = MASViewAttribute.m; sourceTree = "<group>"; };
		6625CD5321129409005B691D /* MASViewConstraint.h */ = {isa = PBXFileReference; fileEncoding = 4; lastKnownFileType = sourcecode.c.h; path = MASViewConstraint.h; sourceTree = "<group>"; };
		6625CD5421129409005B691D /* MASViewConstraint.m */ = {isa = PBXFileReference; fileEncoding = 4; lastKnownFileType = sourcecode.c.objc; path = MASViewConstraint.m; sourceTree = "<group>"; };
		6625CD5521129409005B691D /* NSArray+MASAdditions.h */ = {isa = PBXFileReference; fileEncoding = 4; lastKnownFileType = sourcecode.c.h; path = "NSArray+MASAdditions.h"; sourceTree = "<group>"; };
		6625CD5621129409005B691D /* NSArray+MASAdditions.m */ = {isa = PBXFileReference; fileEncoding = 4; lastKnownFileType = sourcecode.c.objc; path = "NSArray+MASAdditions.m"; sourceTree = "<group>"; };
		6625CD5721129409005B691D /* NSArray+MASShorthandAdditions.h */ = {isa = PBXFileReference; fileEncoding = 4; lastKnownFileType = sourcecode.c.h; path = "NSArray+MASShorthandAdditions.h"; sourceTree = "<group>"; };
		6625CD5821129409005B691D /* NSLayoutConstraint+MASDebugAdditions.h */ = {isa = PBXFileReference; fileEncoding = 4; lastKnownFileType = sourcecode.c.h; path = "NSLayoutConstraint+MASDebugAdditions.h"; sourceTree = "<group>"; };
		6625CD5921129409005B691D /* NSLayoutConstraint+MASDebugAdditions.m */ = {isa = PBXFileReference; fileEncoding = 4; lastKnownFileType = sourcecode.c.objc; path = "NSLayoutConstraint+MASDebugAdditions.m"; sourceTree = "<group>"; };
		6625CD5A21129409005B691D /* View+MASAdditions.h */ = {isa = PBXFileReference; fileEncoding = 4; lastKnownFileType = sourcecode.c.h; path = "View+MASAdditions.h"; sourceTree = "<group>"; };
		6625CD5B21129409005B691D /* View+MASAdditions.m */ = {isa = PBXFileReference; fileEncoding = 4; lastKnownFileType = sourcecode.c.objc; path = "View+MASAdditions.m"; sourceTree = "<group>"; };
		6625CD5C21129409005B691D /* View+MASShorthandAdditions.h */ = {isa = PBXFileReference; fileEncoding = 4; lastKnownFileType = sourcecode.c.h; path = "View+MASShorthandAdditions.h"; sourceTree = "<group>"; };
		6625CD5D21129409005B691D /* ViewController+MASAdditions.h */ = {isa = PBXFileReference; fileEncoding = 4; lastKnownFileType = sourcecode.c.h; path = "ViewController+MASAdditions.h"; sourceTree = "<group>"; };
		6625CD5E21129409005B691D /* ViewController+MASAdditions.m */ = {isa = PBXFileReference; fileEncoding = 4; lastKnownFileType = sourcecode.c.objc; path = "ViewController+MASAdditions.m"; sourceTree = "<group>"; };
/* End PBXFileReference section */

/* Begin PBXFrameworksBuildPhase section */
		6625CCF921128EE9005B691D /* Frameworks */ = {
			isa = PBXFrameworksBuildPhase;
			buildActionMask = 2147483647;
			files = (
			);
			runOnlyForDeploymentPostprocessing = 0;
		};
		6625CD1121128EEA005B691D /* Frameworks */ = {
			isa = PBXFrameworksBuildPhase;
			buildActionMask = 2147483647;
			files = (
			);
			runOnlyForDeploymentPostprocessing = 0;
		};
		6625CD1C21128EEA005B691D /* Frameworks */ = {
			isa = PBXFrameworksBuildPhase;
			buildActionMask = 2147483647;
			files = (
			);
			runOnlyForDeploymentPostprocessing = 0;
		};
/* End PBXFrameworksBuildPhase section */

/* Begin PBXGroup section */
		6625CCF321128EE9005B691D = {
			isa = PBXGroup;
			children = (
				6625CD4521129409005B691D /* Masonry */,
				6625CD3121128F18005B691D /* XLsn0wPullMenu- */,
				6625CCFE21128EE9005B691D /* XLsn0wPullMenu */,
				6625CD1721128EEA005B691D /* XLsn0wPullMenuTests */,
				6625CD2221128EEA005B691D /* XLsn0wPullMenuUITests */,
				6625CCFD21128EE9005B691D /* Products */,
			);
			sourceTree = "<group>";
		};
		6625CCFD21128EE9005B691D /* Products */ = {
			isa = PBXGroup;
			children = (
				6625CCFC21128EE9005B691D /* XLsn0wPullMenu.app */,
				6625CD1421128EEA005B691D /* XLsn0wPullMenuTests.xctest */,
				6625CD1F21128EEA005B691D /* XLsn0wPullMenuUITests.xctest */,
			);
			name = Products;
			sourceTree = "<group>";
		};
		6625CCFE21128EE9005B691D /* XLsn0wPullMenu */ = {
			isa = PBXGroup;
			children = (
				6625CCFF21128EE9005B691D /* AppDelegate.h */,
				6625CD0021128EE9005B691D /* AppDelegate.m */,
				6625CD0221128EE9005B691D /* ViewController.h */,
				6625CD0321128EE9005B691D /* ViewController.m */,
				6625CD3C21128F61005B691D /* mainBtn.png */,
				6625CD0521128EE9005B691D /* Main.storyboard */,
				6625CD0821128EEA005B691D /* Assets.xcassets */,
				6625CD0A21128EEA005B691D /* LaunchScreen.storyboard */,
				6625CD0D21128EEA005B691D /* Info.plist */,
				6625CD0E21128EEA005B691D /* main.m */,
			);
			path = XLsn0wPullMenu;
			sourceTree = "<group>";
		};
		6625CD1721128EEA005B691D /* XLsn0wPullMenuTests */ = {
			isa = PBXGroup;
			children = (
				6625CD1821128EEA005B691D /* XLsn0wPullMenuTests.m */,
				6625CD1A21128EEA005B691D /* Info.plist */,
			);
			path = XLsn0wPullMenuTests;
			sourceTree = "<group>";
		};
		6625CD2221128EEA005B691D /* XLsn0wPullMenuUITests */ = {
			isa = PBXGroup;
			children = (
				6625CD2321128EEA005B691D /* XLsn0wPullMenuUITests.m */,
				6625CD2521128EEA005B691D /* Info.plist */,
			);
			path = XLsn0wPullMenuUITests;
			sourceTree = "<group>";
		};
		6625CD3121128F18005B691D /* XLsn0wPullMenu- */ = {
			isa = PBXGroup;
			children = (
				6625CD3221128F18005B691D /* XLsn0wPullMenu.h */,
				6625CD3321128F18005B691D /* XLsn0wPullMenu.m */,
				6625CD3421128F18005B691D /* XLsn0wPullMenuCell.h */,
				6625CD3521128F18005B691D /* XLsn0wPullMenuCell.m */,
				6625CD3621128F18005B691D /* XLsn0wPullMenuModel.h */,
				6625CD3721128F18005B691D /* XLsn0wPullMenuModel.m */,
				6625CD3F2112926C005B691D /* UIView+XLsn0w.h */,
				6625CD402112926C005B691D /* UIView+XLsn0w.m */,
				6625CD4221129286005B691D /* NSObject+XLsn0wModel.h */,
				6625CD4321129286005B691D /* NSObject+XLsn0wModel.m */,
			);
			path = "XLsn0wPullMenu-";
			sourceTree = "<group>";
		};
		6625CD4521129409005B691D /* Masonry */ = {
			isa = PBXGroup;
			children = (
				6625CD4621129409005B691D /* MASCompositeConstraint.h */,
				6625CD4721129409005B691D /* MASCompositeConstraint.m */,
				6625CD4821129409005B691D /* MASConstraint+Private.h */,
				6625CD4921129409005B691D /* MASConstraint.h */,
				6625CD4A21129409005B691D /* MASConstraint.m */,
				6625CD4B21129409005B691D /* MASConstraintMaker.h */,
				6625CD4C21129409005B691D /* MASConstraintMaker.m */,
				6625CD4D21129409005B691D /* MASLayoutConstraint.h */,
				6625CD4E21129409005B691D /* MASLayoutConstraint.m */,
				6625CD4F21129409005B691D /* Masonry.h */,
				6625CD5021129409005B691D /* MASUtilities.h */,
				6625CD5121129409005B691D /* MASViewAttribute.h */,
				6625CD5221129409005B691D /* MASViewAttribute.m */,
				6625CD5321129409005B691D /* MASViewConstraint.h */,
				6625CD5421129409005B691D /* MASViewConstraint.m */,
				6625CD5521129409005B691D /* NSArray+MASAdditions.h */,
				6625CD5621129409005B691D /* NSArray+MASAdditions.m */,
				6625CD5721129409005B691D /* NSArray+MASShorthandAdditions.h */,
				6625CD5821129409005B691D /* NSLayoutConstraint+MASDebugAdditions.h */,
				6625CD5921129409005B691D /* NSLayoutConstraint+MASDebugAdditions.m */,
				6625CD5A21129409005B691D /* View+MASAdditions.h */,
				6625CD5B21129409005B691D /* View+MASAdditions.m */,
				6625CD5C21129409005B691D /* View+MASShorthandAdditions.h */,
				6625CD5D21129409005B691D /* ViewController+MASAdditions.h */,
				6625CD5E21129409005B691D /* ViewController+MASAdditions.m */,
			);
			path = Masonry;
			sourceTree = "<group>";
		};
/* End PBXGroup section */

/* Begin PBXNativeTarget section */
		6625CCFB21128EE9005B691D /* XLsn0wPullMenu */ = {
			isa = PBXNativeTarget;
			buildConfigurationList = 6625CD2821128EEA005B691D /* Build configuration list for PBXNativeTarget "XLsn0wPullMenu" */;
			buildPhases = (
				6625CCF821128EE9005B691D /* Sources */,
				6625CCF921128EE9005B691D /* Frameworks */,
				6625CCFA21128EE9005B691D /* Resources */,
			);
			buildRules = (
			);
			dependencies = (
			);
			name = XLsn0wPullMenu;
			productName = XLsn0wPullMenu;
			productReference = 6625CCFC21128EE9005B691D /* XLsn0wPullMenu.app */;
			productType = "com.apple.product-type.application";
		};
		6625CD1321128EEA005B691D /* XLsn0wPullMenuTests */ = {
			isa = PBXNativeTarget;
			buildConfigurationList = 6625CD2B21128EEA005B691D /* Build configuration list for PBXNativeTarget "XLsn0wPullMenuTests" */;
			buildPhases = (
				6625CD1021128EEA005B691D /* Sources */,
				6625CD1121128EEA005B691D /* Frameworks */,
				6625CD1221128EEA005B691D /* Resources */,
			);
			buildRules = (
			);
			dependencies = (
				6625CD1621128EEA005B691D /* PBXTargetDependency */,
			);
			name = XLsn0wPullMenuTests;
			productName = XLsn0wPullMenuTests;
			productReference = 6625CD1421128EEA005B691D /* XLsn0wPullMenuTests.xctest */;
			productType = "com.apple.product-type.bundle.unit-test";
		};
		6625CD1E21128EEA005B691D /* XLsn0wPullMenuUITests */ = {
			isa = PBXNativeTarget;
			buildConfigurationList = 6625CD2E21128EEA005B691D /* Build configuration list for PBXNativeTarget "XLsn0wPullMenuUITests" */;
			buildPhases = (
				6625CD1B21128EEA005B691D /* Sources */,
				6625CD1C21128EEA005B691D /* Frameworks */,
				6625CD1D21128EEA005B691D /* Resources */,
			);
			buildRules = (
			);
			dependencies = (
				6625CD2121128EEA005B691D /* PBXTargetDependency */,
			);
			name = XLsn0wPullMenuUITests;
			productName = XLsn0wPullMenuUITests;
			productReference = 6625CD1F21128EEA005B691D /* XLsn0wPullMenuUITests.xctest */;
			productType = "com.apple.product-type.bundle.ui-testing";
		};
/* End PBXNativeTarget section */

/* Begin PBXProject section */
		6625CCF421128EE9005B691D /* Project object */ = {
			isa = PBXProject;
			attributes = {
				LastUpgradeCheck = 0940;
				ORGANIZATIONNAME = XL;
				TargetAttributes = {
					6625CCFB21128EE9005B691D = {
						CreatedOnToolsVersion = 9.4.1;
					};
					6625CD1321128EEA005B691D = {
						CreatedOnToolsVersion = 9.4.1;
						TestTargetID = 6625CCFB21128EE9005B691D;
					};
					6625CD1E21128EEA005B691D = {
						CreatedOnToolsVersion = 9.4.1;
						TestTargetID = 6625CCFB21128EE9005B691D;
					};
				};
			};
			buildConfigurationList = 6625CCF721128EE9005B691D /* Build configuration list for PBXProject "XLsn0wPullMenu" */;
			compatibilityVersion = "Xcode 9.3";
			developmentRegion = en;
			hasScannedForEncodings = 0;
			knownRegions = (
				en,
				Base,
			);
			mainGroup = 6625CCF321128EE9005B691D;
			productRefGroup = 6625CCFD21128EE9005B691D /* Products */;
			projectDirPath = "";
			projectRoot = "";
			targets = (
				6625CCFB21128EE9005B691D /* XLsn0wPullMenu */,
				6625CD1321128EEA005B691D /* XLsn0wPullMenuTests */,
				6625CD1E21128EEA005B691D /* XLsn0wPullMenuUITests */,
			);
		};
/* End PBXProject section */

/* Begin PBXResourcesBuildPhase section */
		6625CCFA21128EE9005B691D /* Resources */ = {
			isa = PBXResourcesBuildPhase;
			buildActionMask = 2147483647;
			files = (
				6625CD0C21128EEA005B691D /* LaunchScreen.storyboard in Resources */,
				6625CD0921128EEA005B691D /* Assets.xcassets in Resources */,
				6625CD0721128EE9005B691D /* Main.storyboard in Resources */,
				6625CD3E21128F61005B691D /* mainBtn.png in Resources */,
			);
			runOnlyForDeploymentPostprocessing = 0;
		};
		6625CD1221128EEA005B691D /* Resources */ = {
			isa = PBXResourcesBuildPhase;
			buildActionMask = 2147483647;
			files = (
			);
			runOnlyForDeploymentPostprocessing = 0;
		};
		6625CD1D21128EEA005B691D /* Resources */ = {
			isa = PBXResourcesBuildPhase;
			buildActionMask = 2147483647;
			files = (
			);
			runOnlyForDeploymentPostprocessing = 0;
		};
/* End PBXResourcesBuildPhase section */

/* Begin PBXSourcesBuildPhase section */
		6625CCF821128EE9005B691D /* Sources */ = {
			isa = PBXSourcesBuildPhase;
			buildActionMask = 2147483647;
			files = (
				6625CD0421128EE9005B691D /* ViewController.m in Sources */,
				6625CD4421129286005B691D /* NSObject+XLsn0wModel.m in Sources */,
				6625CD6521129409005B691D /* NSArray+MASAdditions.m in Sources */,
				6625CD3A21128F19005B691D /* XLsn0wPullMenuModel.m in Sources */,
				6625CD3821128F19005B691D /* XLsn0wPullMenu.m in Sources */,
				6625CD6721129409005B691D /* View+MASAdditions.m in Sources */,
				6625CD6221129409005B691D /* MASLayoutConstraint.m in Sources */,
				6625CD6021129409005B691D /* MASConstraint.m in Sources */,
				6625CD6621129409005B691D /* NSLayoutConstraint+MASDebugAdditions.m in Sources */,
				6625CD5F21129409005B691D /* MASCompositeConstraint.m in Sources */,
				6625CD0F21128EEA005B691D /* main.m in Sources */,
				6625CD0121128EE9005B691D /* AppDelegate.m in Sources */,
				6625CD3921128F19005B691D /* XLsn0wPullMenuCell.m in Sources */,
				6625CD6121129409005B691D /* MASConstraintMaker.m in Sources */,
				6625CD6821129409005B691D /* ViewController+MASAdditions.m in Sources */,
				6625CD6421129409005B691D /* MASViewConstraint.m in Sources */,
				6625CD412112926C005B691D /* UIView+XLsn0w.m in Sources */,
				6625CD6321129409005B691D /* MASViewAttribute.m in Sources */,
			);
			runOnlyForDeploymentPostprocessing = 0;
		};
		6625CD1021128EEA005B691D /* Sources */ = {
			isa = PBXSourcesBuildPhase;
			buildActionMask = 2147483647;
			files = (
				6625CD1921128EEA005B691D /* XLsn0wPullMenuTests.m in Sources */,
			);
			runOnlyForDeploymentPostprocessing = 0;
		};
		6625CD1B21128EEA005B691D /* Sources */ = {
			isa = PBXSourcesBuildPhase;
			buildActionMask = 2147483647;
			files = (
				6625CD2421128EEA005B691D /* XLsn0wPullMenuUITests.m in Sources */,
			);
			runOnlyForDeploymentPostprocessing = 0;
		};
/* End PBXSourcesBuildPhase section */

/* Begin PBXTargetDependency section */
		6625CD1621128EEA005B691D /* PBXTargetDependency */ = {
			isa = PBXTargetDependency;
			target = 6625CCFB21128EE9005B691D /* XLsn0wPullMenu */;
			targetProxy = 6625CD1521128EEA005B691D /* PBXContainerItemProxy */;
		};
		6625CD2121128EEA005B691D /* PBXTargetDependency */ = {
			isa = PBXTargetDependency;
			target = 6625CCFB21128EE9005B691D /* XLsn0wPullMenu */;
			targetProxy = 6625CD2021128EEA005B691D /* PBXContainerItemProxy */;
		};
/* End PBXTargetDependency section */

/* Begin PBXVariantGroup section */
		6625CD0521128EE9005B691D /* Main.storyboard */ = {
			isa = PBXVariantGroup;
			children = (
				6625CD0621128EE9005B691D /* Base */,
			);
			name = Main.storyboard;
			sourceTree = "<group>";
		};
		6625CD0A21128EEA005B691D /* LaunchScreen.storyboard */ = {
			isa = PBXVariantGroup;
			children = (
				6625CD0B21128EEA005B691D /* Base */,
			);
			name = LaunchScreen.storyboard;
			sourceTree = "<group>";
		};
/* End PBXVariantGroup section */

/* Begin XCBuildConfiguration section */
		6625CD2621128EEA005B691D /* Debug */ = {
			isa = XCBuildConfiguration;
			buildSettings = {
				ALWAYS_SEARCH_USER_PATHS = NO;
				CLANG_ANALYZER_NONNULL = YES;
				CLANG_ANALYZER_NUMBER_OBJECT_CONVERSION = YES_AGGRESSIVE;
				CLANG_CXX_LANGUAGE_STANDARD = "gnu++14";
				CLANG_CXX_LIBRARY = "libc++";
				CLANG_ENABLE_MODULES = YES;
				CLANG_ENABLE_OBJC_ARC = YES;
				CLANG_ENABLE_OBJC_WEAK = YES;
				CLANG_WARN_BLOCK_CAPTURE_AUTORELEASING = YES;
				CLANG_WARN_BOOL_CONVERSION = YES;
				CLANG_WARN_COMMA = YES;
				CLANG_WARN_CONSTANT_CONVERSION = YES;
				CLANG_WARN_DEPRECATED_OBJC_IMPLEMENTATIONS = YES;
				CLANG_WARN_DIRECT_OBJC_ISA_USAGE = YES_ERROR;
				CLANG_WARN_DOCUMENTATION_COMMENTS = YES;
				CLANG_WARN_EMPTY_BODY = YES;
				CLANG_WARN_ENUM_CONVERSION = YES;
				CLANG_WARN_INFINITE_RECURSION = YES;
				CLANG_WARN_INT_CONVERSION = YES;
				CLANG_WARN_NON_LITERAL_NULL_CONVERSION = YES;
				CLANG_WARN_OBJC_IMPLICIT_RETAIN_SELF = YES;
				CLANG_WARN_OBJC_LITERAL_CONVERSION = YES;
				CLANG_WARN_OBJC_ROOT_CLASS = YES_ERROR;
				CLANG_WARN_RANGE_LOOP_ANALYSIS = YES;
				CLANG_WARN_STRICT_PROTOTYPES = YES;
				CLANG_WARN_SUSPICIOUS_MOVE = YES;
				CLANG_WARN_UNGUARDED_AVAILABILITY = YES_AGGRESSIVE;
				CLANG_WARN_UNREACHABLE_CODE = YES;
				CLANG_WARN__DUPLICATE_METHOD_MATCH = YES;
				CODE_SIGN_IDENTITY = "iPhone Developer";
				COPY_PHASE_STRIP = NO;
				DEBUG_INFORMATION_FORMAT = dwarf;
				ENABLE_STRICT_OBJC_MSGSEND = YES;
				ENABLE_TESTABILITY = YES;
				GCC_C_LANGUAGE_STANDARD = gnu11;
				GCC_DYNAMIC_NO_PIC = NO;
				GCC_NO_COMMON_BLOCKS = YES;
				GCC_OPTIMIZATION_LEVEL = 0;
				GCC_PREPROCESSOR_DEFINITIONS = (
					"DEBUG=1",
					"$(inherited)",
				);
				GCC_WARN_64_TO_32_BIT_CONVERSION = YES;
				GCC_WARN_ABOUT_RETURN_TYPE = YES_ERROR;
				GCC_WARN_UNDECLARED_SELECTOR = YES;
				GCC_WARN_UNINITIALIZED_AUTOS = YES_AGGRESSIVE;
				GCC_WARN_UNUSED_FUNCTION = YES;
				GCC_WARN_UNUSED_VARIABLE = YES;
				IPHONEOS_DEPLOYMENT_TARGET = 11.4;
				MTL_ENABLE_DEBUG_INFO = YES;
				ONLY_ACTIVE_ARCH = YES;
				SDKROOT = iphoneos;
			};
			name = Debug;
		};
		6625CD2721128EEA005B691D /* Release */ = {
			isa = XCBuildConfiguration;
			buildSettings = {
				ALWAYS_SEARCH_USER_PATHS = NO;
				CLANG_ANALYZER_NONNULL = YES;
				CLANG_ANALYZER_NUMBER_OBJECT_CONVERSION = YES_AGGRESSIVE;
				CLANG_CXX_LANGUAGE_STANDARD = "gnu++14";
				CLANG_CXX_LIBRARY = "libc++";
				CLANG_ENABLE_MODULES = YES;
				CLANG_ENABLE_OBJC_ARC = YES;
				CLANG_ENABLE_OBJC_WEAK = YES;
				CLANG_WARN_BLOCK_CAPTURE_AUTORELEASING = YES;
				CLANG_WARN_BOOL_CONVERSION = YES;
				CLANG_WARN_COMMA = YES;
				CLANG_WARN_CONSTANT_CONVERSION = YES;
				CLANG_WARN_DEPRECATED_OBJC_IMPLEMENTATIONS = YES;
				CLANG_WARN_DIRECT_OBJC_ISA_USAGE = YES_ERROR;
				CLANG_WARN_DOCUMENTATION_COMMENTS = YES;
				CLANG_WARN_EMPTY_BODY = YES;
				CLANG_WARN_ENUM_CONVERSION = YES;
				CLANG_WARN_INFINITE_RECURSION = YES;
				CLANG_WARN_INT_CONVERSION = YES;
				CLANG_WARN_NON_LITERAL_NULL_CONVERSION = YES;
				CLANG_WARN_OBJC_IMPLICIT_RETAIN_SELF = YES;
				CLANG_WARN_OBJC_LITERAL_CONVERSION = YES;
				CLANG_WARN_OBJC_ROOT_CLASS = YES_ERROR;
				CLANG_WARN_RANGE_LOOP_ANALYSIS = YES;
				CLANG_WARN_STRICT_PROTOTYPES = YES;
				CLANG_WARN_SUSPICIOUS_MOVE = YES;
				CLANG_WARN_UNGUARDED_AVAILABILITY = YES_AGGRESSIVE;
				CLANG_WARN_UNREACHABLE_CODE = YES;
				CLANG_WARN__DUPLICATE_METHOD_MATCH = YES;
				CODE_SIGN_IDENTITY = "iPhone Developer";
				COPY_PHASE_STRIP = NO;
				DEBUG_INFORMATION_FORMAT = "dwarf-with-dsym";
				ENABLE_NS_ASSERTIONS = NO;
				ENABLE_STRICT_OBJC_MSGSEND = YES;
				GCC_C_LANGUAGE_STANDARD = gnu11;
				GCC_NO_COMMON_BLOCKS = YES;
				GCC_WARN_64_TO_32_BIT_CONVERSION = YES;
				GCC_WARN_ABOUT_RETURN_TYPE = YES_ERROR;
				GCC_WARN_UNDECLARED_SELECTOR = YES;
				GCC_WARN_UNINITIALIZED_AUTOS = YES_AGGRESSIVE;
				GCC_WARN_UNUSED_FUNCTION = YES;
				GCC_WARN_UNUSED_VARIABLE = YES;
				IPHONEOS_DEPLOYMENT_TARGET = 11.4;
				MTL_ENABLE_DEBUG_INFO = NO;
				SDKROOT = iphoneos;
				VALIDATE_PRODUCT = YES;
			};
			name = Release;
		};
		6625CD2921128EEA005B691D /* Debug */ = {
			isa = XCBuildConfiguration;
			buildSettings = {
				ASSETCATALOG_COMPILER_APPICON_NAME = AppIcon;
				CODE_SIGN_STYLE = Automatic;
				INFOPLIST_FILE = XLsn0wPullMenu/Info.plist;
				LD_RUNPATH_SEARCH_PATHS = (
					"$(inherited)",
					"@executable_path/Frameworks",
				);
				PRODUCT_BUNDLE_IDENTIFIER = com.hoolink.XLsn0wPullMenu;
				PRODUCT_NAME = "$(TARGET_NAME)";
				TARGETED_DEVICE_FAMILY = "1,2";
			};
			name = Debug;
		};
		6625CD2A21128EEA005B691D /* Release */ = {
			isa = XCBuildConfiguration;
			buildSettings = {
				ASSETCATALOG_COMPILER_APPICON_NAME = AppIcon;
				CODE_SIGN_STYLE = Automatic;
				INFOPLIST_FILE = XLsn0wPullMenu/Info.plist;
				LD_RUNPATH_SEARCH_PATHS = (
					"$(inherited)",
					"@executable_path/Frameworks",
				);
				PRODUCT_BUNDLE_IDENTIFIER = com.hoolink.XLsn0wPullMenu;
				PRODUCT_NAME = "$(TARGET_NAME)";
				TARGETED_DEVICE_FAMILY = "1,2";
			};
			name = Release;
		};
		6625CD2C21128EEA005B691D /* Debug */ = {
			isa = XCBuildConfiguration;
			buildSettings = {
				BUNDLE_LOADER = "$(TEST_HOST)";
				CODE_SIGN_STYLE = Automatic;
				INFOPLIST_FILE = XLsn0wPullMenuTests/Info.plist;
				LD_RUNPATH_SEARCH_PATHS = (
					"$(inherited)",
					"@executable_path/Frameworks",
					"@loader_path/Frameworks",
				);
				PRODUCT_BUNDLE_IDENTIFIER = com.hoolink.XLsn0wPullMenuTests;
				PRODUCT_NAME = "$(TARGET_NAME)";
				TARGETED_DEVICE_FAMILY = "1,2";
				TEST_HOST = "$(BUILT_PRODUCTS_DIR)/XLsn0wPullMenu.app/XLsn0wPullMenu";
			};
			name = Debug;
		};
		6625CD2D21128EEA005B691D /* Release */ = {
			isa = XCBuildConfiguration;
			buildSettings = {
				BUNDLE_LOADER = "$(TEST_HOST)";
				CODE_SIGN_STYLE = Automatic;
				INFOPLIST_FILE = XLsn0wPullMenuTests/Info.plist;
				LD_RUNPATH_SEARCH_PATHS = (
					"$(inherited)",
					"@executable_path/Frameworks",
					"@loader_path/Frameworks",
				);
				PRODUCT_BUNDLE_IDENTIFIER = com.hoolink.XLsn0wPullMenuTests;
				PRODUCT_NAME = "$(TARGET_NAME)";
				TARGETED_DEVICE_FAMILY = "1,2";
				TEST_HOST = "$(BUILT_PRODUCTS_DIR)/XLsn0wPullMenu.app/XLsn0wPullMenu";
			};
			name = Release;
		};
		6625CD2F21128EEA005B691D /* Debug */ = {
			isa = XCBuildConfiguration;
			buildSettings = {
				CODE_SIGN_STYLE = Automatic;
				INFOPLIST_FILE = XLsn0wPullMenuUITests/Info.plist;
				LD_RUNPATH_SEARCH_PATHS = (
					"$(inherited)",
					"@executable_path/Frameworks",
					"@loader_path/Frameworks",
				);
				PRODUCT_BUNDLE_IDENTIFIER = com.hoolink.XLsn0wPullMenuUITests;
				PRODUCT_NAME = "$(TARGET_NAME)";
				TARGETED_DEVICE_FAMILY = "1,2";
				TEST_TARGET_NAME = XLsn0wPullMenu;
			};
			name = Debug;
		};
		6625CD3021128EEA005B691D /* Release */ = {
			isa = XCBuildConfiguration;
			buildSettings = {
				CODE_SIGN_STYLE = Automatic;
				INFOPLIST_FILE = XLsn0wPullMenuUITests/Info.plist;
				LD_RUNPATH_SEARCH_PATHS = (
					"$(inherited)",
					"@executable_path/Frameworks",
					"@loader_path/Frameworks",
				);
				PRODUCT_BUNDLE_IDENTIFIER = com.hoolink.XLsn0wPullMenuUITests;
				PRODUCT_NAME = "$(TARGET_NAME)";
				TARGETED_DEVICE_FAMILY = "1,2";
				TEST_TARGET_NAME = XLsn0wPullMenu;
			};
			name = Release;
		};
/* End XCBuildConfiguration section */

/* Begin XCConfigurationList section */
		6625CCF721128EE9005B691D /* Build configuration list for PBXProject "XLsn0wPullMenu" */ = {
			isa = XCConfigurationList;
			buildConfigurations = (
				6625CD2621128EEA005B691D /* Debug */,
				6625CD2721128EEA005B691D /* Release */,
			);
			defaultConfigurationIsVisible = 0;
			defaultConfigurationName = Release;
		};
		6625CD2821128EEA005B691D /* Build configuration list for PBXNativeTarget "XLsn0wPullMenu" */ = {
			isa = XCConfigurationList;
			buildConfigurations = (
				6625CD2921128EEA005B691D /* Debug */,
				6625CD2A21128EEA005B691D /* Release */,
			);
			defaultConfigurationIsVisible = 0;
			defaultConfigurationName = Release;
		};
		6625CD2B21128EEA005B691D /* Build configuration list for PBXNativeTarget "XLsn0wPullMenuTests" */ = {
			isa = XCConfigurationList;
			buildConfigurations = (
				6625CD2C21128EEA005B691D /* Debug */,
				6625CD2D21128EEA005B691D /* Release */,
			);
			defaultConfigurationIsVisible = 0;
			defaultConfigurationName = Release;
		};
		6625CD2E21128EEA005B691D /* Build configuration list for PBXNativeTarget "XLsn0wPullMenuUITests" */ = {
			isa = XCConfigurationList;
			buildConfigurations = (
				6625CD2F21128EEA005B691D /* Debug */,
				6625CD3021128EEA005B691D /* Release */,
			);
			defaultConfigurationIsVisible = 0;
			defaultConfigurationName = Release;
		};
/* End XCConfigurationList section */
	};
	rootObject = 6625CCF421128EE9005B691D /* Project object */;
}
